{
    "version": 3,
    "terraform_version": "0.11.7",
    "serial": 4,
    "lineage": "55fd0ee3-8637-e9c2-fd22-ed20cec689a3",
    "modules": [
        {
            "path": [
                "root"
            ],
            "outputs": {},
            "resources": {
                "aws_instance.wb": {
                    "type": "aws_instance",
                    "depends_on": [
                        "aws_key_pair.default",
                        "aws_security_group.sgweb",
                        "aws_subnet.public_subnet"
                    ],
                    "primary": {
                        "id": "i-08b25566d47c71ddd",
                        "attributes": {
                            "ami": "ami-0f65671a86f061fcd",
                            "arn": "arn:aws:ec2:us-east-2:432977977546:instance/i-08b25566d47c71ddd",
                            "associate_public_ip_address": "true",
                            "availability_zone": "us-east-2a",
                            "cpu_core_count": "1",
                            "cpu_threads_per_core": "1",
                            "credit_specification.#": "1",
                            "credit_specification.0.cpu_credits": "standard",
                            "disable_api_termination": "false",
                            "ebs_block_device.#": "0",
                            "ebs_optimized": "false",
                            "ephemeral_block_device.#": "0",
                            "get_password_data": "false",
                            "iam_instance_profile": "",
                            "id": "i-08b25566d47c71ddd",
                            "instance_state": "running",
                            "instance_type": "t2.micro",
                            "ipv6_addresses.#": "0",
                            "key_name": "vpctestkeypair",
                            "monitoring": "false",
                            "network_interface.#": "0",
                            "network_interface_id": "eni-00a720d057b481a89",
                            "password_data": "",
                            "placement_group": "",
                            "primary_network_interface_id": "eni-00a720d057b481a89",
                            "private_dns": "ip-10-0-1-187.us-east-2.compute.internal",
                            "private_ip": "10.0.1.187",
                            "public_dns": "ec2-18-191-236-106.us-east-2.compute.amazonaws.com",
                            "public_ip": "18.191.236.106",
                            "root_block_device.#": "1",
                            "root_block_device.0.delete_on_termination": "true",
                            "root_block_device.0.iops": "100",
                            "root_block_device.0.volume_id": "vol-0733103979e2c776f",
                            "root_block_device.0.volume_size": "8",
                            "root_block_device.0.volume_type": "gp2",
                            "security_groups.#": "0",
                            "source_dest_check": "false",
                            "subnet_id": "subnet-01cc745c7e36b147b",
                            "tags.%": "1",
                            "tags.Name": "webserver",
                            "tenancy": "default",
                            "user_data": "d0ce1371e4cc25b2029d09cbdf655bb77207f72d",
                            "volume_tags.%": "0",
                            "vpc_security_group_ids.#": "1",
                            "vpc_security_group_ids.1910169019": "sg-0716378ed278df0b3"
                        },
                        "meta": {
                            "e2bfb730-ecaa-11e6-8f88-34363bc7c4c0": {
                                "create": 600000000000,
                                "delete": 1200000000000,
                                "update": 600000000000
                            },
                            "schema_version": "1"
                        },
                        "tainted": false
                    },
                    "deposed": [],
                    "provider": "provider.aws"
                },
                "aws_internet_gateway.igw": {
                    "type": "aws_internet_gateway",
                    "depends_on": [
                        "aws_vpc.default"
                    ],
                    "primary": {
                        "id": "igw-01ce6ceedeb613a23",
                        "attributes": {
                            "id": "igw-01ce6ceedeb613a23",
                            "owner_id": "432977977546",
                            "tags.%": "1",
                            "tags.Name": "VPC IGW",
                            "vpc_id": "vpc-073c7675c9a7a27cc"
                        },
                        "meta": {},
                        "tainted": false
                    },
                    "deposed": [],
                    "provider": "provider.aws"
                },
                "aws_key_pair.default": {
                    "type": "aws_key_pair",
                    "depends_on": [],
                    "primary": {
                        "id": "vpctestkeypair",
                        "attributes": {
                            "fingerprint": "5a:88:86:92:59:34:98:85:f5:23:22:13:78:b3:51:c1",
                            "id": "vpctestkeypair",
                            "key_name": "vpctestkeypair",
                            "public_key": "ssh-rsa AAAAB3NzaC1yc2EAAAADAQABAAABAQCZ+nJ3IZH+QU38EY4tROdwcsE2afiP29cxUmRLwJLTcWqA/KpkBBO+VndU9AcGjduHrKR0cBJB3rRBkvOkHxo30tsTvfpi4gAV6EUuYXJVoPS3RMHnB2BKL8zmgIDjxmN61KYWjtUoa9FK5smQWsMOTNgRFF3k4rPMezeis64b0ohk+KT1Q1xecY3caKm+Zr54qJbq6xnbZRszQOV0xltwO6EL+82slkwxAfkeMAPh26ltrF1ZvQCvytliCqzjf0vb8cuWOKJYEhJTNwTOEnV/RyLEmLrwD7iJS/jPECXkLPK8tg8h3HfTvGzcYV+7SCY+lCboU7EWk0XfGhcEuScX chuleh@Leandros-MacBook-Pro.local"
                        },
                        "meta": {
                            "schema_version": "1"
                        },
                        "tainted": false
                    },
                    "deposed": [],
                    "provider": "provider.aws"
                },
                "aws_route_table.web-public-rt": {
                    "type": "aws_route_table",
                    "depends_on": [
                        "aws_internet_gateway.igw",
                        "aws_vpc.default"
                    ],
                    "primary": {
                        "id": "rtb-093d67c3718b18b74",
                        "attributes": {
                            "id": "rtb-093d67c3718b18b74",
                            "owner_id": "432977977546",
                            "propagating_vgws.#": "0",
                            "route.#": "1",
                            "route.1333251965.cidr_block": "0.0.0.0/0",
                            "route.1333251965.egress_only_gateway_id": "",
                            "route.1333251965.gateway_id": "igw-01ce6ceedeb613a23",
                            "route.1333251965.instance_id": "",
                            "route.1333251965.ipv6_cidr_block": "",
                            "route.1333251965.nat_gateway_id": "",
                            "route.1333251965.network_interface_id": "",
                            "route.1333251965.transit_gateway_id": "",
                            "route.1333251965.vpc_peering_connection_id": "",
                            "tags.%": "1",
                            "tags.Name": "Public subnet RT",
                            "vpc_id": "vpc-073c7675c9a7a27cc"
                        },
                        "meta": {},
                        "tainted": false
                    },
                    "deposed": [],
                    "provider": "provider.aws"
                },
                "aws_route_table_association.web-public-rt": {
                    "type": "aws_route_table_association",
                    "depends_on": [
                        "aws_route_table.web-public-rt",
                        "aws_subnet.public_subnet"
                    ],
                    "primary": {
                        "id": "rtbassoc-0cb12dd3c5c863109",
                        "attributes": {
                            "id": "rtbassoc-0cb12dd3c5c863109",
                            "route_table_id": "rtb-093d67c3718b18b74",
                            "subnet_id": "subnet-01cc745c7e36b147b"
                        },
                        "meta": {},
                        "tainted": false
                    },
                    "deposed": [],
                    "provider": "provider.aws"
                },
                "aws_security_group.sgdb": {
                    "type": "aws_security_group",
                    "depends_on": [
                        "aws_vpc.default"
                    ],
                    "primary": {
                        "id": "sg-003ff1c4f2eace1b9",
                        "attributes": {
                            "arn": "arn:aws:ec2:us-east-2:432977977546:security-group/sg-003ff1c4f2eace1b9",
                            "description": "Allow traffic from public subnet",
                            "egress.#": "0",
                            "id": "sg-003ff1c4f2eace1b9",
                            "ingress.#": "3",
                            "ingress.2582209309.cidr_blocks.#": "1",
                            "ingress.2582209309.cidr_blocks.0": "10.0.1.0/24",
                            "ingress.2582209309.description": "",
                            "ingress.2582209309.from_port": "-1",
                            "ingress.2582209309.ipv6_cidr_blocks.#": "0",
                            "ingress.2582209309.prefix_list_ids.#": "0",
                            "ingress.2582209309.protocol": "icmp",
                            "ingress.2582209309.security_groups.#": "0",
                            "ingress.2582209309.self": "false",
                            "ingress.2582209309.to_port": "-1",
                            "ingress.2709622021.cidr_blocks.#": "1",
                            "ingress.2709622021.cidr_blocks.0": "10.0.1.0/24",
                            "ingress.2709622021.description": "",
                            "ingress.2709622021.from_port": "22",
                            "ingress.2709622021.ipv6_cidr_blocks.#": "0",
                            "ingress.2709622021.prefix_list_ids.#": "0",
                            "ingress.2709622021.protocol": "tcp",
                            "ingress.2709622021.security_groups.#": "0",
                            "ingress.2709622021.self": "false",
                            "ingress.2709622021.to_port": "22",
                            "ingress.957905739.cidr_blocks.#": "1",
                            "ingress.957905739.cidr_blocks.0": "10.0.1.0/24",
                            "ingress.957905739.description": "",
                            "ingress.957905739.from_port": "3306",
                            "ingress.957905739.ipv6_cidr_blocks.#": "0",
                            "ingress.957905739.prefix_list_ids.#": "0",
                            "ingress.957905739.protocol": "tcp",
                            "ingress.957905739.security_groups.#": "0",
                            "ingress.957905739.self": "false",
                            "ingress.957905739.to_port": "3306",
                            "name": "sg_test_web",
                            "owner_id": "432977977546",
                            "revoke_rules_on_delete": "false",
                            "tags.%": "1",
                            "tags.Name": "DB SG",
                            "vpc_id": "vpc-073c7675c9a7a27cc"
                        },
                        "meta": {
                            "e2bfb730-ecaa-11e6-8f88-34363bc7c4c0": {
                                "create": 600000000000,
                                "delete": 600000000000
                            },
                            "schema_version": "1"
                        },
                        "tainted": false
                    },
                    "deposed": [],
                    "provider": "provider.aws"
                },
                "aws_security_group.sgweb": {
                    "type": "aws_security_group",
                    "depends_on": [
                        "aws_vpc.default"
                    ],
                    "primary": {
                        "id": "sg-0716378ed278df0b3",
                        "attributes": {
                            "arn": "arn:aws:ec2:us-east-2:432977977546:security-group/sg-0716378ed278df0b3",
                            "description": "Allow incoming HTTP connections \u0026 SSH access",
                            "egress.#": "0",
                            "id": "sg-0716378ed278df0b3",
                            "ingress.#": "4",
                            "ingress.1799340084.cidr_blocks.#": "1",
                            "ingress.1799340084.cidr_blocks.0": "0.0.0.0/0",
                            "ingress.1799340084.description": "",
                            "ingress.1799340084.from_port": "-1",
                            "ingress.1799340084.ipv6_cidr_blocks.#": "0",
                            "ingress.1799340084.prefix_list_ids.#": "0",
                            "ingress.1799340084.protocol": "icmp",
                            "ingress.1799340084.security_groups.#": "0",
                            "ingress.1799340084.self": "false",
                            "ingress.1799340084.to_port": "-1",
                            "ingress.2214680975.cidr_blocks.#": "1",
                            "ingress.2214680975.cidr_blocks.0": "0.0.0.0/0",
                            "ingress.2214680975.description": "",
                            "ingress.2214680975.from_port": "80",
                            "ingress.2214680975.ipv6_cidr_blocks.#": "0",
                            "ingress.2214680975.prefix_list_ids.#": "0",
                            "ingress.2214680975.protocol": "tcp",
                            "ingress.2214680975.security_groups.#": "0",
                            "ingress.2214680975.self": "false",
                            "ingress.2214680975.to_port": "80",
                            "ingress.2541437006.cidr_blocks.#": "1",
                            "ingress.2541437006.cidr_blocks.0": "0.0.0.0/0",
                            "ingress.2541437006.description": "",
                            "ingress.2541437006.from_port": "22",
                            "ingress.2541437006.ipv6_cidr_blocks.#": "0",
                            "ingress.2541437006.prefix_list_ids.#": "0",
                            "ingress.2541437006.protocol": "tcp",
                            "ingress.2541437006.security_groups.#": "0",
                            "ingress.2541437006.self": "false",
                            "ingress.2541437006.to_port": "22",
                            "ingress.2617001939.cidr_blocks.#": "1",
                            "ingress.2617001939.cidr_blocks.0": "0.0.0.0/0",
                            "ingress.2617001939.description": "",
                            "ingress.2617001939.from_port": "443",
                            "ingress.2617001939.ipv6_cidr_blocks.#": "0",
                            "ingress.2617001939.prefix_list_ids.#": "0",
                            "ingress.2617001939.protocol": "tcp",
                            "ingress.2617001939.security_groups.#": "0",
                            "ingress.2617001939.self": "false",
                            "ingress.2617001939.to_port": "443",
                            "name": "vpc_test_web",
                            "owner_id": "432977977546",
                            "revoke_rules_on_delete": "false",
                            "tags.%": "1",
                            "tags.Name": "Web Server SG",
                            "vpc_id": "vpc-073c7675c9a7a27cc"
                        },
                        "meta": {
                            "e2bfb730-ecaa-11e6-8f88-34363bc7c4c0": {
                                "create": 600000000000,
                                "delete": 600000000000
                            },
                            "schema_version": "1"
                        },
                        "tainted": false
                    },
                    "deposed": [],
                    "provider": "provider.aws"
                },
                "aws_subnet.public_subnet": {
                    "type": "aws_subnet",
                    "depends_on": [
                        "aws_vpc.default"
                    ],
                    "primary": {
                        "id": "subnet-01cc745c7e36b147b",
                        "attributes": {
                            "arn": "arn:aws:ec2:us-east-2:432977977546:subnet/subnet-01cc745c7e36b147b",
                            "assign_ipv6_address_on_creation": "false",
                            "availability_zone": "us-east-2a",
                            "availability_zone_id": "use2-az1",
                            "cidr_block": "10.0.1.0/24",
                            "id": "subnet-01cc745c7e36b147b",
                            "ipv6_cidr_block": "",
                            "ipv6_cidr_block_association_id": "",
                            "map_public_ip_on_launch": "false",
                            "owner_id": "432977977546",
                            "tags.%": "1",
                            "tags.Name": "Web public subnet",
                            "vpc_id": "vpc-073c7675c9a7a27cc"
                        },
                        "meta": {
                            "e2bfb730-ecaa-11e6-8f88-34363bc7c4c0": {
                                "create": 600000000000,
                                "delete": 600000000000
                            },
                            "schema_version": "1"
                        },
                        "tainted": false
                    },
                    "deposed": [],
                    "provider": "provider.aws"
                },
                "aws_vpc.default": {
                    "type": "aws_vpc",
                    "depends_on": [],
                    "primary": {
                        "id": "vpc-073c7675c9a7a27cc",
                        "attributes": {
                            "arn": "arn:aws:ec2:us-east-2:432977977546:vpc/vpc-073c7675c9a7a27cc",
                            "assign_generated_ipv6_cidr_block": "false",
                            "cidr_block": "10.0.0.0/16",
                            "default_network_acl_id": "acl-0770879730fd6167c",
                            "default_route_table_id": "rtb-0f29e4fd20b0f4941",
                            "default_security_group_id": "sg-0ee82c9300d262635",
                            "dhcp_options_id": "dopt-1cb49974",
                            "enable_dns_hostnames": "true",
                            "enable_dns_support": "true",
                            "id": "vpc-073c7675c9a7a27cc",
                            "instance_tenancy": "default",
                            "ipv6_association_id": "",
                            "ipv6_cidr_block": "",
                            "main_route_table_id": "rtb-0f29e4fd20b0f4941",
                            "owner_id": "432977977546",
                            "tags.%": "1",
                            "tags.Name": "test-vpc"
                        },
                        "meta": {
                            "schema_version": "1"
                        },
                        "tainted": false
                    },
                    "deposed": [],
                    "provider": "provider.aws"
                }
            },
            "depends_on": []
        }
    ]
}
