{
    "version": 3,
    "terraform_version": "0.11.11",
    "serial": 13,
    "lineage": "59115a9d-6728-4e7b-251a-5dfd84b36de6",
    "modules": [
        {
            "path": [
                "root"
            ],
            "outputs": {},
            "resources": {
                "aws_instance.aws_infra_webservers.0": {
                    "type": "aws_instance",
                    "depends_on": [
                        "aws_security_group.infra_aws_sg",
                        "aws_subnet.public_subnets.*"
                    ],
                    "primary": {
                        "id": "i-00e0ee3a9c25ea8db",
                        "attributes": {
                            "ami": "ami-063aa838bd7631e0b",
                            "arn": "arn:aws:ec2:us-west-1:432977977546:instance/i-00e0ee3a9c25ea8db",
                            "associate_public_ip_address": "true",
                            "availability_zone": "us-west-1b",
                            "cpu_core_count": "1",
                            "cpu_threads_per_core": "1",
                            "credit_specification.#": "1",
                            "credit_specification.0.cpu_credits": "standard",
                            "disable_api_termination": "false",
                            "ebs_block_device.#": "0",
                            "ebs_optimized": "false",
                            "ephemeral_block_device.#": "0",
                            "get_password_data": "false",
                            "iam_instance_profile": "",
                            "id": "i-00e0ee3a9c25ea8db",
                            "instance_state": "running",
                            "instance_type": "t2.micro",
                            "ipv6_addresses.#": "0",
                            "key_name": "",
                            "monitoring": "false",
                            "network_interface.#": "0",
                            "network_interface_id": "eni-0d1c0aba7bfdf61a4",
                            "password_data": "",
                            "placement_group": "",
                            "primary_network_interface_id": "eni-0d1c0aba7bfdf61a4",
                            "private_dns": "ip-172-10-10-38.us-west-1.compute.internal",
                            "private_ip": "172.10.10.38",
                            "public_dns": "ec2-54-153-28-4.us-west-1.compute.amazonaws.com",
                            "public_ip": "54.153.28.4",
                            "root_block_device.#": "1",
                            "root_block_device.0.delete_on_termination": "true",
                            "root_block_device.0.iops": "100",
                            "root_block_device.0.volume_id": "vol-0ab43e6c27088fccb",
                            "root_block_device.0.volume_size": "8",
                            "root_block_device.0.volume_type": "gp2",
                            "security_groups.#": "0",
                            "source_dest_check": "false",
                            "subnet_id": "subnet-04d99c12d8030cbf6",
                            "tags.%": "1",
                            "tags.Name": "webserver1",
                            "tenancy": "default",
                            "user_data": "956b93a4dee9808086e24452211f56f37fb26b3c",
                            "volume_tags.%": "0",
                            "vpc_security_group_ids.#": "1",
                            "vpc_security_group_ids.3192827083": "sg-0733629d5a5443532"
                        },
                        "meta": {
                            "e2bfb730-ecaa-11e6-8f88-34363bc7c4c0": {
                                "create": 600000000000,
                                "delete": 1200000000000,
                                "update": 600000000000
                            },
                            "schema_version": "1"
                        },
                        "tainted": false
                    },
                    "deposed": [],
                    "provider": "provider.aws"
                },
                "aws_instance.aws_infra_webservers.1": {
                    "type": "aws_instance",
                    "depends_on": [
                        "aws_security_group.infra_aws_sg",
                        "aws_subnet.public_subnets.*"
                    ],
                    "primary": {
                        "id": "i-0dd9785b3abc837de",
                        "attributes": {
                            "ami": "ami-063aa838bd7631e0b",
                            "arn": "arn:aws:ec2:us-west-1:432977977546:instance/i-0dd9785b3abc837de",
                            "associate_public_ip_address": "true",
                            "availability_zone": "us-west-1c",
                            "cpu_core_count": "1",
                            "cpu_threads_per_core": "1",
                            "credit_specification.#": "1",
                            "credit_specification.0.cpu_credits": "standard",
                            "disable_api_termination": "false",
                            "ebs_block_device.#": "0",
                            "ebs_optimized": "false",
                            "ephemeral_block_device.#": "0",
                            "get_password_data": "false",
                            "iam_instance_profile": "",
                            "id": "i-0dd9785b3abc837de",
                            "instance_state": "running",
                            "instance_type": "t2.micro",
                            "ipv6_addresses.#": "0",
                            "key_name": "",
                            "monitoring": "false",
                            "network_interface.#": "0",
                            "network_interface_id": "eni-0b1685352574be7f7",
                            "password_data": "",
                            "placement_group": "",
                            "primary_network_interface_id": "eni-0b1685352574be7f7",
                            "private_dns": "ip-172-10-20-58.us-west-1.compute.internal",
                            "private_ip": "172.10.20.58",
                            "public_dns": "ec2-54-193-9-138.us-west-1.compute.amazonaws.com",
                            "public_ip": "54.193.9.138",
                            "root_block_device.#": "1",
                            "root_block_device.0.delete_on_termination": "true",
                            "root_block_device.0.iops": "100",
                            "root_block_device.0.volume_id": "vol-0632b9c0593c96a4c",
                            "root_block_device.0.volume_size": "8",
                            "root_block_device.0.volume_type": "gp2",
                            "security_groups.#": "0",
                            "source_dest_check": "false",
                            "subnet_id": "subnet-036e1073678ba823a",
                            "tags.%": "1",
                            "tags.Name": "webserver2",
                            "tenancy": "default",
                            "user_data": "956b93a4dee9808086e24452211f56f37fb26b3c",
                            "volume_tags.%": "0",
                            "vpc_security_group_ids.#": "1",
                            "vpc_security_group_ids.3192827083": "sg-0733629d5a5443532"
                        },
                        "meta": {
                            "e2bfb730-ecaa-11e6-8f88-34363bc7c4c0": {
                                "create": 600000000000,
                                "delete": 1200000000000,
                                "update": 600000000000
                            },
                            "schema_version": "1"
                        },
                        "tainted": false
                    },
                    "deposed": [],
                    "provider": "provider.aws"
                },
                "aws_internet_gateway.infra_aws_igw": {
                    "type": "aws_internet_gateway",
                    "depends_on": [
                        "aws_vpc.infra_aws_vpc"
                    ],
                    "primary": {
                        "id": "igw-0656cbe648ad78d5f",
                        "attributes": {
                            "id": "igw-0656cbe648ad78d5f",
                            "owner_id": "432977977546",
                            "tags.%": "1",
                            "tags.Name": "Internet Gateway",
                            "vpc_id": "vpc-02c73a80d22310751"
                        },
                        "meta": {},
                        "tainted": false
                    },
                    "deposed": [],
                    "provider": "provider.aws"
                },
                "aws_route_table.public_rt": {
                    "type": "aws_route_table",
                    "depends_on": [
                        "aws_vpc.infra_aws_vpc"
                    ],
                    "primary": {
                        "id": "rtb-050024beef1669fcf",
                        "attributes": {
                            "id": "rtb-050024beef1669fcf",
                            "owner_id": "432977977546",
                            "propagating_vgws.#": "0",
                            "route.#": "0",
                            "tags.%": "1",
                            "tags.Name": "public routing table",
                            "vpc_id": "vpc-02c73a80d22310751"
                        },
                        "meta": {},
                        "tainted": false
                    },
                    "deposed": [],
                    "provider": "provider.aws"
                },
                "aws_route_table_association.infra_aws_public_rt.0": {
                    "type": "aws_route_table_association",
                    "depends_on": [
                        "aws_route_table.public_rt",
                        "aws_subnet.public_subnets.*"
                    ],
                    "primary": {
                        "id": "rtbassoc-05b4c439c19944f10",
                        "attributes": {
                            "id": "rtbassoc-05b4c439c19944f10",
                            "route_table_id": "rtb-050024beef1669fcf",
                            "subnet_id": "subnet-04d99c12d8030cbf6"
                        },
                        "meta": {},
                        "tainted": false
                    },
                    "deposed": [],
                    "provider": "provider.aws"
                },
                "aws_route_table_association.infra_aws_public_rt.1": {
                    "type": "aws_route_table_association",
                    "depends_on": [
                        "aws_route_table.public_rt",
                        "aws_subnet.public_subnets.*"
                    ],
                    "primary": {
                        "id": "rtbassoc-032a6fa3a5fb321b0",
                        "attributes": {
                            "id": "rtbassoc-032a6fa3a5fb321b0",
                            "route_table_id": "rtb-050024beef1669fcf",
                            "subnet_id": "subnet-036e1073678ba823a"
                        },
                        "meta": {},
                        "tainted": false
                    },
                    "deposed": [],
                    "provider": "provider.aws"
                },
                "aws_security_group.infra_aws_sg": {
                    "type": "aws_security_group",
                    "depends_on": [
                        "aws_vpc.infra_aws_vpc"
                    ],
                    "primary": {
                        "id": "sg-0733629d5a5443532",
                        "attributes": {
                            "arn": "arn:aws:ec2:us-west-1:432977977546:security-group/sg-0733629d5a5443532",
                            "description": "Allow all traffic to port 80 and only my IP on port 22",
                            "egress.#": "0",
                            "id": "sg-0733629d5a5443532",
                            "ingress.#": "2",
                            "ingress.136022545.cidr_blocks.#": "1",
                            "ingress.136022545.cidr_blocks.0": "186.18.32.107/32",
                            "ingress.136022545.description": "",
                            "ingress.136022545.from_port": "22",
                            "ingress.136022545.ipv6_cidr_blocks.#": "0",
                            "ingress.136022545.prefix_list_ids.#": "0",
                            "ingress.136022545.protocol": "tcp",
                            "ingress.136022545.security_groups.#": "0",
                            "ingress.136022545.self": "false",
                            "ingress.136022545.to_port": "22",
                            "ingress.2214680975.cidr_blocks.#": "1",
                            "ingress.2214680975.cidr_blocks.0": "0.0.0.0/0",
                            "ingress.2214680975.description": "",
                            "ingress.2214680975.from_port": "80",
                            "ingress.2214680975.ipv6_cidr_blocks.#": "0",
                            "ingress.2214680975.prefix_list_ids.#": "0",
                            "ingress.2214680975.protocol": "tcp",
                            "ingress.2214680975.security_groups.#": "0",
                            "ingress.2214680975.self": "false",
                            "ingress.2214680975.to_port": "80",
                            "name": "terraform-20181218234555260000000001",
                            "owner_id": "432977977546",
                            "revoke_rules_on_delete": "false",
                            "tags.%": "1",
                            "tags.Name": "main sg for aws infra",
                            "vpc_id": "vpc-02c73a80d22310751"
                        },
                        "meta": {
                            "e2bfb730-ecaa-11e6-8f88-34363bc7c4c0": {
                                "create": 600000000000,
                                "delete": 600000000000
                            },
                            "schema_version": "1"
                        },
                        "tainted": false
                    },
                    "deposed": [],
                    "provider": "provider.aws"
                },
                "aws_subnet.public_subnets.0": {
                    "type": "aws_subnet",
                    "depends_on": [
                        "aws_vpc.infra_aws_vpc"
                    ],
                    "primary": {
                        "id": "subnet-04d99c12d8030cbf6",
                        "attributes": {
                            "arn": "arn:aws:ec2:us-west-1:432977977546:subnet/subnet-04d99c12d8030cbf6",
                            "assign_ipv6_address_on_creation": "false",
                            "availability_zone": "us-west-1b",
                            "availability_zone_id": "usw1-az3",
                            "cidr_block": "172.10.10.0/24",
                            "id": "subnet-04d99c12d8030cbf6",
                            "ipv6_cidr_block": "",
                            "ipv6_cidr_block_association_id": "",
                            "map_public_ip_on_launch": "false",
                            "owner_id": "432977977546",
                            "tags.%": "1",
                            "tags.Name": "pub-sub-1",
                            "vpc_id": "vpc-02c73a80d22310751"
                        },
                        "meta": {
                            "e2bfb730-ecaa-11e6-8f88-34363bc7c4c0": {
                                "create": 600000000000,
                                "delete": 600000000000
                            },
                            "schema_version": "1"
                        },
                        "tainted": false
                    },
                    "deposed": [],
                    "provider": "provider.aws"
                },
                "aws_subnet.public_subnets.1": {
                    "type": "aws_subnet",
                    "depends_on": [
                        "aws_vpc.infra_aws_vpc"
                    ],
                    "primary": {
                        "id": "subnet-036e1073678ba823a",
                        "attributes": {
                            "arn": "arn:aws:ec2:us-west-1:432977977546:subnet/subnet-036e1073678ba823a",
                            "assign_ipv6_address_on_creation": "false",
                            "availability_zone": "us-west-1c",
                            "availability_zone_id": "usw1-az1",
                            "cidr_block": "172.10.20.0/24",
                            "id": "subnet-036e1073678ba823a",
                            "ipv6_cidr_block": "",
                            "ipv6_cidr_block_association_id": "",
                            "map_public_ip_on_launch": "false",
                            "owner_id": "432977977546",
                            "tags.%": "1",
                            "tags.Name": "pub-sub-2",
                            "vpc_id": "vpc-02c73a80d22310751"
                        },
                        "meta": {
                            "e2bfb730-ecaa-11e6-8f88-34363bc7c4c0": {
                                "create": 600000000000,
                                "delete": 600000000000
                            },
                            "schema_version": "1"
                        },
                        "tainted": false
                    },
                    "deposed": [],
                    "provider": "provider.aws"
                },
                "aws_vpc.infra_aws_vpc": {
                    "type": "aws_vpc",
                    "depends_on": [],
                    "primary": {
                        "id": "vpc-02c73a80d22310751",
                        "attributes": {
                            "arn": "arn:aws:ec2:us-west-1:432977977546:vpc/vpc-02c73a80d22310751",
                            "assign_generated_ipv6_cidr_block": "false",
                            "cidr_block": "172.10.0.0/16",
                            "default_network_acl_id": "acl-0eae586232f0d7971",
                            "default_route_table_id": "rtb-00e3b3863bf4c8abf",
                            "default_security_group_id": "sg-056f98622e33e6143",
                            "dhcp_options_id": "dopt-e9b7dd8e",
                            "enable_classiclink": "false",
                            "enable_classiclink_dns_support": "false",
                            "enable_dns_hostnames": "true",
                            "enable_dns_support": "true",
                            "id": "vpc-02c73a80d22310751",
                            "instance_tenancy": "default",
                            "ipv6_association_id": "",
                            "ipv6_cidr_block": "",
                            "main_route_table_id": "rtb-00e3b3863bf4c8abf",
                            "owner_id": "432977977546",
                            "tags.%": "1",
                            "tags.Name": "infra_aws_vpc"
                        },
                        "meta": {
                            "schema_version": "1"
                        },
                        "tainted": false
                    },
                    "deposed": [],
                    "provider": "provider.aws"
                }
            },
            "depends_on": []
        }
    ]
}
