{
    "version": 3,
    "terraform_version": "0.11.13",
    "serial": 5,
    "lineage": "c5a49b21-956c-5d11-3bbd-c203d2fc280d",
    "modules": [
        {
            "path": [
                "root"
            ],
            "outputs": {},
            "resources": {
                "aws_ebs_volume.ebs_volume_1": {
                    "type": "aws_ebs_volume",
                    "depends_on": [],
                    "primary": {
                        "id": "vol-07533db57bf0cb974",
                        "attributes": {
                            "arn": "arn:aws:ec2:us-west-2:432977977546:volume/vol-07533db57bf0cb974",
                            "availability_zone": "us-west-2a",
                            "encrypted": "false",
                            "id": "vol-07533db57bf0cb974",
                            "size": "20",
                            "snapshot_id": "",
                            "tags.%": "1",
                            "tags.Name": "extra volume data",
                            "type": "gp2"
                        },
                        "meta": {},
                        "tainted": false
                    },
                    "deposed": [],
                    "provider": "provider.aws"
                },
                "aws_instance.example": {
                    "type": "aws_instance",
                    "depends_on": [
                        "aws_key_pair.my_key_pair",
                        "aws_security_group.allow_ssh",
                        "aws_subnet.main_public_1"
                    ],
                    "primary": {
                        "id": "i-0af841dd11e4bef8b",
                        "attributes": {
                            "ami": "ami-0b4a4b368aa8bd6f0",
                            "arn": "arn:aws:ec2:us-west-2:432977977546:instance/i-0af841dd11e4bef8b",
                            "associate_public_ip_address": "true",
                            "availability_zone": "us-west-2a",
                            "cpu_core_count": "1",
                            "cpu_threads_per_core": "1",
                            "credit_specification.#": "1",
                            "credit_specification.0.cpu_credits": "standard",
                            "disable_api_termination": "false",
                            "ebs_block_device.#": "0",
                            "ebs_optimized": "false",
                            "ephemeral_block_device.#": "0",
                            "get_password_data": "false",
                            "iam_instance_profile": "",
                            "id": "i-0af841dd11e4bef8b",
                            "instance_state": "running",
                            "instance_type": "t2.micro",
                            "ipv6_addresses.#": "0",
                            "key_name": "id_rsa",
                            "monitoring": "false",
                            "network_interface.#": "0",
                            "password_data": "",
                            "placement_group": "",
                            "primary_network_interface_id": "eni-0ef9f123927076bd6",
                            "private_dns": "ip-10-0-1-239.us-west-2.compute.internal",
                            "private_ip": "10.0.1.239",
                            "public_dns": "ec2-54-213-153-179.us-west-2.compute.amazonaws.com",
                            "public_ip": "54.213.153.179",
                            "root_block_device.#": "1",
                            "root_block_device.0.delete_on_termination": "true",
                            "root_block_device.0.iops": "100",
                            "root_block_device.0.volume_id": "vol-0ad0e5406ab4bfd9d",
                            "root_block_device.0.volume_size": "8",
                            "root_block_device.0.volume_type": "gp2",
                            "security_groups.#": "0",
                            "source_dest_check": "true",
                            "subnet_id": "subnet-09ff599f66da03c98",
                            "tags.%": "0",
                            "tenancy": "default",
                            "volume_tags.%": "0",
                            "vpc_security_group_ids.#": "1",
                            "vpc_security_group_ids.2028246135": "sg-0915577a7ed74917d"
                        },
                        "meta": {
                            "e2bfb730-ecaa-11e6-8f88-34363bc7c4c0": {
                                "create": 600000000000,
                                "delete": 1200000000000,
                                "update": 600000000000
                            },
                            "schema_version": "1"
                        },
                        "tainted": false
                    },
                    "deposed": [],
                    "provider": "provider.aws"
                },
                "aws_internet_gateway.main_gw": {
                    "type": "aws_internet_gateway",
                    "depends_on": [
                        "aws_vpc.main"
                    ],
                    "primary": {
                        "id": "igw-0da74ecb355b6f4a0",
                        "attributes": {
                            "id": "igw-0da74ecb355b6f4a0",
                            "owner_id": "432977977546",
                            "tags.%": "1",
                            "tags.Name": "main_gw",
                            "vpc_id": "vpc-0691006ac115f7ae1"
                        },
                        "meta": {},
                        "tainted": false
                    },
                    "deposed": [],
                    "provider": "provider.aws"
                },
                "aws_key_pair.my_key_pair": {
                    "type": "aws_key_pair",
                    "depends_on": [],
                    "primary": {
                        "id": "id_rsa",
                        "attributes": {
                            "fingerprint": "3f:5d:1b:ef:d7:6e:fd:70:cb:a6:33:79:08:c5:0f:86",
                            "id": "id_rsa",
                            "key_name": "id_rsa",
                            "public_key": "ssh-rsa AAAAB3NzaC1yc2EAAAADAQABAAABAQCdEW4SrAnvlNUmGKJoRSbG1HUwgg3gnRA4EMCmZoU0IniE9vzfmx/qdRwEHS+z+IdhaQt3UdyW2OawZcyf8pqObOU8IV+jpU19IvVjvAauhMl11tjIym+GCqSb9rKRf+ss4CGIqiTBo8h6EVEndEbdVIFrhQkhhxyhMw0E59HFoWrAg1Vs1t7s+tACCUCK29FBp0ho8Ga/mloz1KIBkaMaYBgSUtvW3Mnpb5TtH9TO1fh3KqvRLdJlE/Eda8Lk9kygkepF3gCVOw7I7ReJGBfSfkTpQrmheDfsqH8H7NHxTYqZzKC30Lvm8AGKXP0V2fvkkgtKFtKj9M6H4ZbGlKCZ chuleh@caffeine.local"
                        },
                        "meta": {
                            "schema_version": "1"
                        },
                        "tainted": false
                    },
                    "deposed": [],
                    "provider": "provider.aws"
                },
                "aws_route_table.main_public_rt": {
                    "type": "aws_route_table",
                    "depends_on": [
                        "aws_internet_gateway.main_gw",
                        "aws_vpc.main"
                    ],
                    "primary": {
                        "id": "rtb-0347d1853100d232a",
                        "attributes": {
                            "id": "rtb-0347d1853100d232a",
                            "owner_id": "432977977546",
                            "propagating_vgws.#": "0",
                            "route.#": "1",
                            "route.190674651.cidr_block": "0.0.0.0/0",
                            "route.190674651.egress_only_gateway_id": "",
                            "route.190674651.gateway_id": "igw-0da74ecb355b6f4a0",
                            "route.190674651.instance_id": "",
                            "route.190674651.ipv6_cidr_block": "",
                            "route.190674651.nat_gateway_id": "",
                            "route.190674651.network_interface_id": "",
                            "route.190674651.transit_gateway_id": "",
                            "route.190674651.vpc_peering_connection_id": "",
                            "tags.%": "1",
                            "tags.Name": "main_public_rt",
                            "vpc_id": "vpc-0691006ac115f7ae1"
                        },
                        "meta": {},
                        "tainted": false
                    },
                    "deposed": [],
                    "provider": "provider.aws"
                },
                "aws_route_table_association.main_public_1_a": {
                    "type": "aws_route_table_association",
                    "depends_on": [
                        "aws_route_table.main_public_rt",
                        "aws_subnet.main_public_1"
                    ],
                    "primary": {
                        "id": "rtbassoc-05c56067c9663b827",
                        "attributes": {
                            "id": "rtbassoc-05c56067c9663b827",
                            "route_table_id": "rtb-0347d1853100d232a",
                            "subnet_id": "subnet-09ff599f66da03c98"
                        },
                        "meta": {},
                        "tainted": false
                    },
                    "deposed": [],
                    "provider": "provider.aws"
                },
                "aws_route_table_association.main_public_2_a": {
                    "type": "aws_route_table_association",
                    "depends_on": [
                        "aws_route_table.main_public_rt",
                        "aws_subnet.main_public_2"
                    ],
                    "primary": {
                        "id": "rtbassoc-0d76cb38716047681",
                        "attributes": {
                            "id": "rtbassoc-0d76cb38716047681",
                            "route_table_id": "rtb-0347d1853100d232a",
                            "subnet_id": "subnet-0a8aaafb6f61fd73b"
                        },
                        "meta": {},
                        "tainted": false
                    },
                    "deposed": [],
                    "provider": "provider.aws"
                },
                "aws_security_group.allow_ssh": {
                    "type": "aws_security_group",
                    "depends_on": [
                        "aws_vpc.main"
                    ],
                    "primary": {
                        "id": "sg-0915577a7ed74917d",
                        "attributes": {
                            "arn": "arn:aws:ec2:us-west-2:432977977546:security-group/sg-0915577a7ed74917d",
                            "description": "allow ssh from my ip and egress traffic",
                            "egress.#": "1",
                            "egress.482069346.cidr_blocks.#": "1",
                            "egress.482069346.cidr_blocks.0": "0.0.0.0/0",
                            "egress.482069346.description": "",
                            "egress.482069346.from_port": "0",
                            "egress.482069346.ipv6_cidr_blocks.#": "0",
                            "egress.482069346.prefix_list_ids.#": "0",
                            "egress.482069346.protocol": "-1",
                            "egress.482069346.security_groups.#": "0",
                            "egress.482069346.self": "false",
                            "egress.482069346.to_port": "0",
                            "id": "sg-0915577a7ed74917d",
                            "ingress.#": "1",
                            "ingress.3524595666.cidr_blocks.#": "1",
                            "ingress.3524595666.cidr_blocks.0": "190.247.145.217/32",
                            "ingress.3524595666.description": "",
                            "ingress.3524595666.from_port": "22",
                            "ingress.3524595666.ipv6_cidr_blocks.#": "0",
                            "ingress.3524595666.prefix_list_ids.#": "0",
                            "ingress.3524595666.protocol": "tcp",
                            "ingress.3524595666.security_groups.#": "0",
                            "ingress.3524595666.self": "false",
                            "ingress.3524595666.to_port": "22",
                            "name": "allow_ssh",
                            "owner_id": "432977977546",
                            "revoke_rules_on_delete": "false",
                            "tags.%": "1",
                            "tags.Name": "allow_ssh",
                            "vpc_id": "vpc-0691006ac115f7ae1"
                        },
                        "meta": {
                            "e2bfb730-ecaa-11e6-8f88-34363bc7c4c0": {
                                "create": 600000000000,
                                "delete": 600000000000
                            },
                            "schema_version": "1"
                        },
                        "tainted": false
                    },
                    "deposed": [],
                    "provider": "provider.aws"
                },
                "aws_subnet.main_private_1": {
                    "type": "aws_subnet",
                    "depends_on": [
                        "aws_vpc.main"
                    ],
                    "primary": {
                        "id": "subnet-0afe30de67e2c58b7",
                        "attributes": {
                            "arn": "arn:aws:ec2:us-west-2:432977977546:subnet/subnet-0afe30de67e2c58b7",
                            "assign_ipv6_address_on_creation": "false",
                            "availability_zone": "us-west-2a",
                            "availability_zone_id": "usw2-az1",
                            "cidr_block": "10.0.3.0/24",
                            "id": "subnet-0afe30de67e2c58b7",
                            "ipv6_cidr_block": "",
                            "ipv6_cidr_block_association_id": "",
                            "map_public_ip_on_launch": "false",
                            "owner_id": "432977977546",
                            "tags.%": "1",
                            "tags.Name": "main_private_1",
                            "vpc_id": "vpc-0691006ac115f7ae1"
                        },
                        "meta": {
                            "e2bfb730-ecaa-11e6-8f88-34363bc7c4c0": {
                                "create": 600000000000,
                                "delete": 600000000000
                            },
                            "schema_version": "1"
                        },
                        "tainted": false
                    },
                    "deposed": [],
                    "provider": "provider.aws"
                },
                "aws_subnet.main_private_2": {
                    "type": "aws_subnet",
                    "depends_on": [
                        "aws_vpc.main"
                    ],
                    "primary": {
                        "id": "subnet-0b50ff4590aebfa26",
                        "attributes": {
                            "arn": "arn:aws:ec2:us-west-2:432977977546:subnet/subnet-0b50ff4590aebfa26",
                            "assign_ipv6_address_on_creation": "false",
                            "availability_zone": "us-west-2d",
                            "availability_zone_id": "usw2-az4",
                            "cidr_block": "10.0.4.0/24",
                            "id": "subnet-0b50ff4590aebfa26",
                            "ipv6_cidr_block": "",
                            "ipv6_cidr_block_association_id": "",
                            "map_public_ip_on_launch": "false",
                            "owner_id": "432977977546",
                            "tags.%": "1",
                            "tags.Name": "main_private_2",
                            "vpc_id": "vpc-0691006ac115f7ae1"
                        },
                        "meta": {
                            "e2bfb730-ecaa-11e6-8f88-34363bc7c4c0": {
                                "create": 600000000000,
                                "delete": 600000000000
                            },
                            "schema_version": "1"
                        },
                        "tainted": false
                    },
                    "deposed": [],
                    "provider": "provider.aws"
                },
                "aws_subnet.main_public_1": {
                    "type": "aws_subnet",
                    "depends_on": [
                        "aws_vpc.main"
                    ],
                    "primary": {
                        "id": "subnet-09ff599f66da03c98",
                        "attributes": {
                            "arn": "arn:aws:ec2:us-west-2:432977977546:subnet/subnet-09ff599f66da03c98",
                            "assign_ipv6_address_on_creation": "false",
                            "availability_zone": "us-west-2a",
                            "availability_zone_id": "usw2-az1",
                            "cidr_block": "10.0.1.0/24",
                            "id": "subnet-09ff599f66da03c98",
                            "ipv6_cidr_block": "",
                            "ipv6_cidr_block_association_id": "",
                            "map_public_ip_on_launch": "true",
                            "owner_id": "432977977546",
                            "tags.%": "1",
                            "tags.Name": "main_public_1",
                            "vpc_id": "vpc-0691006ac115f7ae1"
                        },
                        "meta": {
                            "e2bfb730-ecaa-11e6-8f88-34363bc7c4c0": {
                                "create": 600000000000,
                                "delete": 600000000000
                            },
                            "schema_version": "1"
                        },
                        "tainted": false
                    },
                    "deposed": [],
                    "provider": "provider.aws"
                },
                "aws_subnet.main_public_2": {
                    "type": "aws_subnet",
                    "depends_on": [
                        "aws_vpc.main"
                    ],
                    "primary": {
                        "id": "subnet-0a8aaafb6f61fd73b",
                        "attributes": {
                            "arn": "arn:aws:ec2:us-west-2:432977977546:subnet/subnet-0a8aaafb6f61fd73b",
                            "assign_ipv6_address_on_creation": "false",
                            "availability_zone": "us-west-2d",
                            "availability_zone_id": "usw2-az4",
                            "cidr_block": "10.0.2.0/24",
                            "id": "subnet-0a8aaafb6f61fd73b",
                            "ipv6_cidr_block": "",
                            "ipv6_cidr_block_association_id": "",
                            "map_public_ip_on_launch": "true",
                            "owner_id": "432977977546",
                            "tags.%": "1",
                            "tags.Name": "main_public_2",
                            "vpc_id": "vpc-0691006ac115f7ae1"
                        },
                        "meta": {
                            "e2bfb730-ecaa-11e6-8f88-34363bc7c4c0": {
                                "create": 600000000000,
                                "delete": 600000000000
                            },
                            "schema_version": "1"
                        },
                        "tainted": false
                    },
                    "deposed": [],
                    "provider": "provider.aws"
                },
                "aws_volume_attachment.ebs_volume1_attachment": {
                    "type": "aws_volume_attachment",
                    "depends_on": [
                        "aws_ebs_volume.ebs_volume_1",
                        "aws_instance.example"
                    ],
                    "primary": {
                        "id": "vai-1631637245",
                        "attributes": {
                            "device_name": "/dev/xvdh",
                            "id": "vai-1631637245",
                            "instance_id": "i-0af841dd11e4bef8b",
                            "volume_id": "vol-07533db57bf0cb974"
                        },
                        "meta": {},
                        "tainted": false
                    },
                    "deposed": [],
                    "provider": "provider.aws"
                },
                "aws_vpc.main": {
                    "type": "aws_vpc",
                    "depends_on": [],
                    "primary": {
                        "id": "vpc-0691006ac115f7ae1",
                        "attributes": {
                            "arn": "arn:aws:ec2:us-west-2:432977977546:vpc/vpc-0691006ac115f7ae1",
                            "assign_generated_ipv6_cidr_block": "false",
                            "cidr_block": "10.0.0.0/16",
                            "default_network_acl_id": "acl-0ff9a0f5d1a501db1",
                            "default_route_table_id": "rtb-08f0baef9067ba88b",
                            "default_security_group_id": "sg-025e4ac0918f58c4a",
                            "dhcp_options_id": "dopt-e7ecd49e",
                            "enable_classiclink": "false",
                            "enable_classiclink_dns_support": "false",
                            "enable_dns_hostnames": "true",
                            "enable_dns_support": "true",
                            "id": "vpc-0691006ac115f7ae1",
                            "instance_tenancy": "default",
                            "ipv6_association_id": "",
                            "ipv6_cidr_block": "",
                            "main_route_table_id": "rtb-08f0baef9067ba88b",
                            "owner_id": "432977977546",
                            "tags.%": "1",
                            "tags.Name": "main vpc"
                        },
                        "meta": {
                            "schema_version": "1"
                        },
                        "tainted": false
                    },
                    "deposed": [],
                    "provider": "provider.aws"
                }
            },
            "depends_on": []
        }
    ]
}
