{
    "version": 3,
    "terraform_version": "0.11.13",
    "serial": 5,
    "lineage": "29225fdb-67ab-cda3-4580-27c85de50006",
    "modules": [
        {
            "path": [
                "root"
            ],
            "outputs": {},
            "resources": {
                "aws_vpc.main": {
                    "type": "aws_vpc",
                    "depends_on": [],
                    "primary": {
                        "id": "vpc-080ea811c1ac9b2bb",
                        "attributes": {
                            "arn": "arn:aws:ec2:us-west-2:432977977546:vpc/vpc-080ea811c1ac9b2bb",
                            "assign_generated_ipv6_cidr_block": "false",
                            "cidr_block": "10.0.0.0/16",
                            "default_network_acl_id": "acl-0f5e0c34911ee19dd",
                            "default_route_table_id": "rtb-0caec8391f6a2b03d",
                            "default_security_group_id": "sg-059f7755d2d6f970d",
                            "dhcp_options_id": "dopt-e7ecd49e",
                            "enable_classiclink": "false",
                            "enable_classiclink_dns_support": "false",
                            "enable_dns_hostnames": "true",
                            "enable_dns_support": "true",
                            "id": "vpc-080ea811c1ac9b2bb",
                            "instance_tenancy": "default",
                            "ipv6_association_id": "",
                            "ipv6_cidr_block": "",
                            "main_route_table_id": "rtb-0caec8391f6a2b03d",
                            "owner_id": "432977977546",
                            "tags.%": "1",
                            "tags.Name": "main"
                        },
                        "meta": {
                            "schema_version": "1"
                        },
                        "tainted": false
                    },
                    "deposed": [],
                    "provider": "provider.aws"
                }
            },
            "depends_on": []
        }
    ]
}
