{
    "version": 3,
    "terraform_version": "0.11.13",
    "serial": 5,
    "lineage": "da43e23a-8c6c-2f7c-29df-47912c479c72",
    "modules": [
        {
            "path": [
                "root"
            ],
            "outputs": {},
            "resources": {
                "aws_instance.example": {
                    "type": "aws_instance",
                    "depends_on": [
                        "aws_key_pair.id_rsa"
                    ],
                    "primary": {
                        "id": "i-01b7249c1c6fbc9ef",
                        "attributes": {
                            "ami": "ami-06d990a360d7a793c",
                            "arn": "arn:aws:ec2:us-east-1:432977977546:instance/i-01b7249c1c6fbc9ef",
                            "associate_public_ip_address": "true",
                            "availability_zone": "us-east-1c",
                            "cpu_core_count": "1",
                            "cpu_threads_per_core": "1",
                            "credit_specification.#": "1",
                            "credit_specification.0.cpu_credits": "standard",
                            "disable_api_termination": "false",
                            "ebs_block_device.#": "0",
                            "ebs_optimized": "false",
                            "ephemeral_block_device.#": "0",
                            "get_password_data": "false",
                            "iam_instance_profile": "",
                            "id": "i-01b7249c1c6fbc9ef",
                            "instance_state": "running",
                            "instance_type": "t2.micro",
                            "ipv6_addresses.#": "0",
                            "key_name": "id_rsa",
                            "monitoring": "false",
                            "network_interface.#": "0",
                            "password_data": "",
                            "placement_group": "",
                            "primary_network_interface_id": "eni-031f7977bf0524777",
                            "private_dns": "ip-172-31-94-189.ec2.internal",
                            "private_ip": "172.31.94.189",
                            "public_dns": "ec2-3-82-162-191.compute-1.amazonaws.com",
                            "public_ip": "3.82.162.191",
                            "root_block_device.#": "1",
                            "root_block_device.0.delete_on_termination": "true",
                            "root_block_device.0.iops": "100",
                            "root_block_device.0.volume_id": "vol-0d2f317f61cc07d43",
                            "root_block_device.0.volume_size": "8",
                            "root_block_device.0.volume_type": "gp2",
                            "security_groups.#": "1",
                            "security_groups.3814588639": "default",
                            "source_dest_check": "true",
                            "subnet_id": "subnet-f78f58d9",
                            "tags.%": "0",
                            "tenancy": "default",
                            "volume_tags.%": "0",
                            "vpc_security_group_ids.#": "1",
                            "vpc_security_group_ids.2380193367": "sg-608f8028"
                        },
                        "meta": {
                            "e2bfb730-ecaa-11e6-8f88-34363bc7c4c0": {
                                "create": 600000000000,
                                "delete": 1200000000000,
                                "update": 600000000000
                            },
                            "schema_version": "1"
                        },
                        "tainted": false
                    },
                    "deposed": [],
                    "provider": "provider.aws"
                },
                "aws_key_pair.id_rsa": {
                    "type": "aws_key_pair",
                    "depends_on": [],
                    "primary": {
                        "id": "id_rsa",
                        "attributes": {
                            "fingerprint": "5a:88:86:92:59:34:98:85:f5:23:22:13:78:b3:51:c1",
                            "id": "id_rsa",
                            "key_name": "id_rsa",
                            "public_key": "ssh-rsa AAAAB3NzaC1yc2EAAAADAQABAAABAQCZ+nJ3IZH+QU38EY4tROdwcsE2afiP29cxUmRLwJLTcWqA/KpkBBO+VndU9AcGjduHrKR0cBJB3rRBkvOkHxo30tsTvfpi4gAV6EUuYXJVoPS3RMHnB2BKL8zmgIDjxmN61KYWjtUoa9FK5smQWsMOTNgRFF3k4rPMezeis64b0ohk+KT1Q1xecY3caKm+Zr54qJbq6xnbZRszQOV0xltwO6EL+82slkwxAfkeMAPh26ltrF1ZvQCvytliCqzjf0vb8cuWOKJYEhJTNwTOEnV/RyLEmLrwD7iJS/jPECXkLPK8tg8h3HfTvGzcYV+7SCY+lCboU7EWk0XfGhcEuScX chuleh@Leandros-MacBook-Pro.local"
                        },
                        "meta": {
                            "schema_version": "1"
                        },
                        "tainted": false
                    },
                    "deposed": [],
                    "provider": "provider.aws"
                }
            },
            "depends_on": []
        }
    ]
}
