{
    "version": 3,
    "terraform_version": "0.11.13",
    "serial": 2,
    "lineage": "c5a49b21-956c-5d11-3bbd-c203d2fc280d",
    "modules": [
        {
            "path": [
                "root"
            ],
            "outputs": {},
            "resources": {
                "aws_instance.example": {
                    "type": "aws_instance",
                    "depends_on": [
                        "aws_key_pair.my_key_pair",
                        "aws_security_group.allow_ssh",
                        "aws_subnet.main_public_1"
                    ],
                    "primary": {
                        "id": "i-07e64999bf6c828d9",
                        "attributes": {
                            "ami": "ami-0b4a4b368aa8bd6f0",
                            "arn": "arn:aws:ec2:us-west-2:432977977546:instance/i-07e64999bf6c828d9",
                            "associate_public_ip_address": "true",
                            "availability_zone": "us-west-2a",
                            "cpu_core_count": "1",
                            "cpu_threads_per_core": "1",
                            "credit_specification.#": "1",
                            "credit_specification.0.cpu_credits": "standard",
                            "disable_api_termination": "false",
                            "ebs_block_device.#": "0",
                            "ebs_optimized": "false",
                            "ephemeral_block_device.#": "0",
                            "get_password_data": "false",
                            "iam_instance_profile": "",
                            "id": "i-07e64999bf6c828d9",
                            "instance_state": "running",
                            "instance_type": "t2.micro",
                            "ipv6_addresses.#": "0",
                            "key_name": "id_rsa",
                            "monitoring": "false",
                            "network_interface.#": "0",
                            "password_data": "",
                            "placement_group": "",
                            "primary_network_interface_id": "eni-0135ae8870fcb6add",
                            "private_dns": "ip-10-0-1-243.us-west-2.compute.internal",
                            "private_ip": "10.0.1.243",
                            "public_dns": "ec2-54-213-255-103.us-west-2.compute.amazonaws.com",
                            "public_ip": "54.213.255.103",
                            "root_block_device.#": "1",
                            "root_block_device.0.delete_on_termination": "true",
                            "root_block_device.0.iops": "100",
                            "root_block_device.0.volume_id": "vol-08ffdab199fef2c4e",
                            "root_block_device.0.volume_size": "8",
                            "root_block_device.0.volume_type": "gp2",
                            "security_groups.#": "0",
                            "source_dest_check": "true",
                            "subnet_id": "subnet-02aac5c51eb240067",
                            "tags.%": "0",
                            "tenancy": "default",
                            "volume_tags.%": "0",
                            "vpc_security_group_ids.#": "1",
                            "vpc_security_group_ids.3797721401": "sg-08cdad3ed9d1cc659"
                        },
                        "meta": {
                            "e2bfb730-ecaa-11e6-8f88-34363bc7c4c0": {
                                "create": 600000000000,
                                "delete": 1200000000000,
                                "update": 600000000000
                            },
                            "schema_version": "1"
                        },
                        "tainted": false
                    },
                    "deposed": [],
                    "provider": "provider.aws"
                },
                "aws_internet_gateway.main_gw": {
                    "type": "aws_internet_gateway",
                    "depends_on": [
                        "aws_vpc.main"
                    ],
                    "primary": {
                        "id": "igw-0362121d16308c9bd",
                        "attributes": {
                            "id": "igw-0362121d16308c9bd",
                            "owner_id": "432977977546",
                            "tags.%": "1",
                            "tags.Name": "main_gw",
                            "vpc_id": "vpc-07893cdea11087483"
                        },
                        "meta": {},
                        "tainted": false
                    },
                    "deposed": [],
                    "provider": "provider.aws"
                },
                "aws_key_pair.my_key_pair": {
                    "type": "aws_key_pair",
                    "depends_on": [],
                    "primary": {
                        "id": "id_rsa",
                        "attributes": {
                            "fingerprint": "3f:5d:1b:ef:d7:6e:fd:70:cb:a6:33:79:08:c5:0f:86",
                            "id": "id_rsa",
                            "key_name": "id_rsa",
                            "public_key": "ssh-rsa AAAAB3NzaC1yc2EAAAADAQABAAABAQCdEW4SrAnvlNUmGKJoRSbG1HUwgg3gnRA4EMCmZoU0IniE9vzfmx/qdRwEHS+z+IdhaQt3UdyW2OawZcyf8pqObOU8IV+jpU19IvVjvAauhMl11tjIym+GCqSb9rKRf+ss4CGIqiTBo8h6EVEndEbdVIFrhQkhhxyhMw0E59HFoWrAg1Vs1t7s+tACCUCK29FBp0ho8Ga/mloz1KIBkaMaYBgSUtvW3Mnpb5TtH9TO1fh3KqvRLdJlE/Eda8Lk9kygkepF3gCVOw7I7ReJGBfSfkTpQrmheDfsqH8H7NHxTYqZzKC30Lvm8AGKXP0V2fvkkgtKFtKj9M6H4ZbGlKCZ chuleh@caffeine.local"
                        },
                        "meta": {
                            "schema_version": "1"
                        },
                        "tainted": false
                    },
                    "deposed": [],
                    "provider": "provider.aws"
                },
                "aws_route_table.main_public_rt": {
                    "type": "aws_route_table",
                    "depends_on": [
                        "aws_internet_gateway.main_gw",
                        "aws_vpc.main"
                    ],
                    "primary": {
                        "id": "rtb-0687c490293b42e02",
                        "attributes": {
                            "id": "rtb-0687c490293b42e02",
                            "owner_id": "432977977546",
                            "propagating_vgws.#": "0",
                            "route.#": "1",
                            "route.2040491756.cidr_block": "0.0.0.0/0",
                            "route.2040491756.egress_only_gateway_id": "",
                            "route.2040491756.gateway_id": "igw-0362121d16308c9bd",
                            "route.2040491756.instance_id": "",
                            "route.2040491756.ipv6_cidr_block": "",
                            "route.2040491756.nat_gateway_id": "",
                            "route.2040491756.network_interface_id": "",
                            "route.2040491756.transit_gateway_id": "",
                            "route.2040491756.vpc_peering_connection_id": "",
                            "tags.%": "1",
                            "tags.Name": "main_public_rt",
                            "vpc_id": "vpc-07893cdea11087483"
                        },
                        "meta": {},
                        "tainted": false
                    },
                    "deposed": [],
                    "provider": "provider.aws"
                },
                "aws_route_table_association.main_public_1_a": {
                    "type": "aws_route_table_association",
                    "depends_on": [
                        "aws_route_table.main_public_rt",
                        "aws_subnet.main_public_1"
                    ],
                    "primary": {
                        "id": "rtbassoc-062e8b6d5d85f74cd",
                        "attributes": {
                            "id": "rtbassoc-062e8b6d5d85f74cd",
                            "route_table_id": "rtb-0687c490293b42e02",
                            "subnet_id": "subnet-02aac5c51eb240067"
                        },
                        "meta": {},
                        "tainted": false
                    },
                    "deposed": [],
                    "provider": "provider.aws"
                },
                "aws_route_table_association.main_public_2_a": {
                    "type": "aws_route_table_association",
                    "depends_on": [
                        "aws_route_table.main_public_rt",
                        "aws_subnet.main_public_2"
                    ],
                    "primary": {
                        "id": "rtbassoc-0e981c559ffddce21",
                        "attributes": {
                            "id": "rtbassoc-0e981c559ffddce21",
                            "route_table_id": "rtb-0687c490293b42e02",
                            "subnet_id": "subnet-034acaa55f0bada92"
                        },
                        "meta": {},
                        "tainted": false
                    },
                    "deposed": [],
                    "provider": "provider.aws"
                },
                "aws_security_group.allow_ssh": {
                    "type": "aws_security_group",
                    "depends_on": [
                        "aws_vpc.main"
                    ],
                    "primary": {
                        "id": "sg-08cdad3ed9d1cc659",
                        "attributes": {
                            "arn": "arn:aws:ec2:us-west-2:432977977546:security-group/sg-08cdad3ed9d1cc659",
                            "description": "allow ssh from my ip and egress traffic",
                            "egress.#": "1",
                            "egress.482069346.cidr_blocks.#": "1",
                            "egress.482069346.cidr_blocks.0": "0.0.0.0/0",
                            "egress.482069346.description": "",
                            "egress.482069346.from_port": "0",
                            "egress.482069346.ipv6_cidr_blocks.#": "0",
                            "egress.482069346.prefix_list_ids.#": "0",
                            "egress.482069346.protocol": "-1",
                            "egress.482069346.security_groups.#": "0",
                            "egress.482069346.self": "false",
                            "egress.482069346.to_port": "0",
                            "id": "sg-08cdad3ed9d1cc659",
                            "ingress.#": "1",
                            "ingress.3524595666.cidr_blocks.#": "1",
                            "ingress.3524595666.cidr_blocks.0": "190.247.145.217/32",
                            "ingress.3524595666.description": "",
                            "ingress.3524595666.from_port": "22",
                            "ingress.3524595666.ipv6_cidr_blocks.#": "0",
                            "ingress.3524595666.prefix_list_ids.#": "0",
                            "ingress.3524595666.protocol": "tcp",
                            "ingress.3524595666.security_groups.#": "0",
                            "ingress.3524595666.self": "false",
                            "ingress.3524595666.to_port": "22",
                            "name": "allow_ssh",
                            "owner_id": "432977977546",
                            "revoke_rules_on_delete": "false",
                            "tags.%": "1",
                            "tags.Name": "allow_ssh",
                            "vpc_id": "vpc-07893cdea11087483"
                        },
                        "meta": {
                            "e2bfb730-ecaa-11e6-8f88-34363bc7c4c0": {
                                "create": 600000000000,
                                "delete": 600000000000
                            },
                            "schema_version": "1"
                        },
                        "tainted": false
                    },
                    "deposed": [],
                    "provider": "provider.aws"
                },
                "aws_subnet.main_private_1": {
                    "type": "aws_subnet",
                    "depends_on": [
                        "aws_vpc.main"
                    ],
                    "primary": {
                        "id": "subnet-05ad970524a877bca",
                        "attributes": {
                            "arn": "arn:aws:ec2:us-west-2:432977977546:subnet/subnet-05ad970524a877bca",
                            "assign_ipv6_address_on_creation": "false",
                            "availability_zone": "us-west-2a",
                            "availability_zone_id": "usw2-az1",
                            "cidr_block": "10.0.3.0/24",
                            "id": "subnet-05ad970524a877bca",
                            "ipv6_cidr_block": "",
                            "ipv6_cidr_block_association_id": "",
                            "map_public_ip_on_launch": "false",
                            "owner_id": "432977977546",
                            "tags.%": "1",
                            "tags.Name": "main_private_1",
                            "vpc_id": "vpc-07893cdea11087483"
                        },
                        "meta": {
                            "e2bfb730-ecaa-11e6-8f88-34363bc7c4c0": {
                                "create": 600000000000,
                                "delete": 600000000000
                            },
                            "schema_version": "1"
                        },
                        "tainted": false
                    },
                    "deposed": [],
                    "provider": "provider.aws"
                },
                "aws_subnet.main_private_2": {
                    "type": "aws_subnet",
                    "depends_on": [
                        "aws_vpc.main"
                    ],
                    "primary": {
                        "id": "subnet-0682c9de311fbe9fe",
                        "attributes": {
                            "arn": "arn:aws:ec2:us-west-2:432977977546:subnet/subnet-0682c9de311fbe9fe",
                            "assign_ipv6_address_on_creation": "false",
                            "availability_zone": "us-west-2d",
                            "availability_zone_id": "usw2-az4",
                            "cidr_block": "10.0.4.0/24",
                            "id": "subnet-0682c9de311fbe9fe",
                            "ipv6_cidr_block": "",
                            "ipv6_cidr_block_association_id": "",
                            "map_public_ip_on_launch": "false",
                            "owner_id": "432977977546",
                            "tags.%": "1",
                            "tags.Name": "main_private_2",
                            "vpc_id": "vpc-07893cdea11087483"
                        },
                        "meta": {
                            "e2bfb730-ecaa-11e6-8f88-34363bc7c4c0": {
                                "create": 600000000000,
                                "delete": 600000000000
                            },
                            "schema_version": "1"
                        },
                        "tainted": false
                    },
                    "deposed": [],
                    "provider": "provider.aws"
                },
                "aws_subnet.main_public_1": {
                    "type": "aws_subnet",
                    "depends_on": [
                        "aws_vpc.main"
                    ],
                    "primary": {
                        "id": "subnet-02aac5c51eb240067",
                        "attributes": {
                            "arn": "arn:aws:ec2:us-west-2:432977977546:subnet/subnet-02aac5c51eb240067",
                            "assign_ipv6_address_on_creation": "false",
                            "availability_zone": "us-west-2a",
                            "availability_zone_id": "usw2-az1",
                            "cidr_block": "10.0.1.0/24",
                            "id": "subnet-02aac5c51eb240067",
                            "ipv6_cidr_block": "",
                            "ipv6_cidr_block_association_id": "",
                            "map_public_ip_on_launch": "true",
                            "owner_id": "432977977546",
                            "tags.%": "1",
                            "tags.Name": "main_public_1",
                            "vpc_id": "vpc-07893cdea11087483"
                        },
                        "meta": {
                            "e2bfb730-ecaa-11e6-8f88-34363bc7c4c0": {
                                "create": 600000000000,
                                "delete": 600000000000
                            },
                            "schema_version": "1"
                        },
                        "tainted": false
                    },
                    "deposed": [],
                    "provider": "provider.aws"
                },
                "aws_subnet.main_public_2": {
                    "type": "aws_subnet",
                    "depends_on": [
                        "aws_vpc.main"
                    ],
                    "primary": {
                        "id": "subnet-034acaa55f0bada92",
                        "attributes": {
                            "arn": "arn:aws:ec2:us-west-2:432977977546:subnet/subnet-034acaa55f0bada92",
                            "assign_ipv6_address_on_creation": "false",
                            "availability_zone": "us-west-2d",
                            "availability_zone_id": "usw2-az4",
                            "cidr_block": "10.0.2.0/24",
                            "id": "subnet-034acaa55f0bada92",
                            "ipv6_cidr_block": "",
                            "ipv6_cidr_block_association_id": "",
                            "map_public_ip_on_launch": "true",
                            "owner_id": "432977977546",
                            "tags.%": "1",
                            "tags.Name": "main_public_2",
                            "vpc_id": "vpc-07893cdea11087483"
                        },
                        "meta": {
                            "e2bfb730-ecaa-11e6-8f88-34363bc7c4c0": {
                                "create": 600000000000,
                                "delete": 600000000000
                            },
                            "schema_version": "1"
                        },
                        "tainted": false
                    },
                    "deposed": [],
                    "provider": "provider.aws"
                },
                "aws_vpc.main": {
                    "type": "aws_vpc",
                    "depends_on": [],
                    "primary": {
                        "id": "vpc-07893cdea11087483",
                        "attributes": {
                            "arn": "arn:aws:ec2:us-west-2:432977977546:vpc/vpc-07893cdea11087483",
                            "assign_generated_ipv6_cidr_block": "false",
                            "cidr_block": "10.0.0.0/16",
                            "default_network_acl_id": "acl-00e1ea43885fe58d7",
                            "default_route_table_id": "rtb-0a0807a3461bffbbd",
                            "default_security_group_id": "sg-08b8b1850b1092e59",
                            "dhcp_options_id": "dopt-e7ecd49e",
                            "enable_classiclink": "false",
                            "enable_classiclink_dns_support": "false",
                            "enable_dns_hostnames": "true",
                            "enable_dns_support": "true",
                            "id": "vpc-07893cdea11087483",
                            "instance_tenancy": "default",
                            "ipv6_association_id": "",
                            "ipv6_cidr_block": "",
                            "main_route_table_id": "rtb-0a0807a3461bffbbd",
                            "owner_id": "432977977546",
                            "tags.%": "1",
                            "tags.Name": "main vpc"
                        },
                        "meta": {
                            "schema_version": "1"
                        },
                        "tainted": false
                    },
                    "deposed": [],
                    "provider": "provider.aws"
                }
            },
            "depends_on": []
        }
    ]
}
