{
    "version": 3,
    "terraform_version": "0.11.13",
    "serial": 3,
    "lineage": "d1142422-b0ba-6da7-c97c-e3763908cab1",
    "modules": [
        {
            "path": [
                "root"
            ],
            "outputs": {},
            "resources": {
                "aws_ecr_repository.chuleh-io": {
                    "type": "aws_ecr_repository",
                    "depends_on": [],
                    "primary": {
                        "id": "chuleh-io",
                        "attributes": {
                            "arn": "arn:aws:ecr:us-west-2:432977977546:repository/chuleh-io",
                            "id": "chuleh-io",
                            "name": "chuleh-io",
                            "registry_id": "432977977546",
                            "repository_url": "432977977546.dkr.ecr.us-west-2.amazonaws.com/chuleh-io",
                            "tags.%": "0"
                        },
                        "meta": {
                            "e2bfb730-ecaa-11e6-8f88-34363bc7c4c0": {
                                "delete": 1200000000000
                            }
                        },
                        "tainted": false
                    },
                    "deposed": [],
                    "provider": "provider.aws"
                },
                "aws_ecs_task_definition.chuleh-io-task-definition": {
                    "type": "aws_ecs_task_definition",
                    "depends_on": [
                        "data.template_file.chuleh-io-task-definition-template"
                    ],
                    "primary": {
                        "id": "chuleh-io",
                        "attributes": {
                            "arn": "arn:aws:ecs:us-west-2:432977977546:task-definition/chuleh-io:3",
                            "container_definitions": "[{\"command\":[\"npm\",\"start\"],\"cpu\":256,\"environment\":[],\"essential\":true,\"image\":\"432977977546.dkr.ecr.us-west-2.amazonaws.com/chuleh-io:1\",\"memory\":256,\"mountPoints\":[],\"name\":\"myapp\",\"portMappings\":[{\"containerPort\":3000,\"hostPort\":3000,\"protocol\":\"tcp\"}],\"volumesFrom\":[],\"workingDirectory\":\"/app\"}]",
                            "cpu": "",
                            "execution_role_arn": "",
                            "family": "chuleh-io",
                            "id": "chuleh-io",
                            "memory": "",
                            "network_mode": "",
                            "placement_constraints.#": "0",
                            "requires_compatibilities.#": "0",
                            "revision": "3",
                            "tags.%": "0",
                            "task_role_arn": "",
                            "volume.#": "0"
                        },
                        "meta": {
                            "schema_version": "1"
                        },
                        "tainted": false
                    },
                    "deposed": [],
                    "provider": "provider.aws"
                },
                "data.template_file.chuleh-io-task-definition-template": {
                    "type": "template_file",
                    "depends_on": [
                        "aws_ecr_repository.chuleh-io"
                    ],
                    "primary": {
                        "id": "d73d8fbb2e5127a946f0c5ed800512c89cba9605f88232f20efe095e1aab3f2f",
                        "attributes": {
                            "id": "d73d8fbb2e5127a946f0c5ed800512c89cba9605f88232f20efe095e1aab3f2f",
                            "rendered": "[\n  {\n    \"essential\": true,\n    \"memory\": 256,\n    \"name\": \"myapp\",\n    \"cpu\": 256,\n    \"image\": \"432977977546.dkr.ecr.us-west-2.amazonaws.com/chuleh-io:1\",\n    \"workingDirectory\": \"/app\",\n    \"command\": [\"npm\", \"start\"],\n    \"portMappings\": [\n        {\n            \"containerPort\": 3000,\n            \"hostPort\": 3000\n        }\n    ]\n  }\n]\n\n",
                            "template": "[\n  {\n    \"essential\": true,\n    \"memory\": 256,\n    \"name\": \"myapp\",\n    \"cpu\": 256,\n    \"image\": \"${REPOSITORY_URL}:1\",\n    \"workingDirectory\": \"/app\",\n    \"command\": [\"npm\", \"start\"],\n    \"portMappings\": [\n        {\n            \"containerPort\": 3000,\n            \"hostPort\": 3000\n        }\n    ]\n  }\n]\n\n",
                            "vars.%": "1",
                            "vars.REPOSITORY_URL": "432977977546.dkr.ecr.us-west-2.amazonaws.com/chuleh-io"
                        },
                        "meta": {},
                        "tainted": false
                    },
                    "deposed": [],
                    "provider": "provider.template"
                }
            },
            "depends_on": []
        }
    ]
}
