{
    "version": 3,
    "terraform_version": "0.11.11",
    "serial": 2,
    "lineage": "88e10401-091f-5308-115a-15cfd6de3a6c",
    "modules": [
        {
            "path": [
                "root"
            ],
            "outputs": {},
            "resources": {
                "aws_db_instance.lc_db": {
                    "type": "aws_db_instance",
                    "depends_on": [],
                    "primary": {
                        "id": "terraform-20181219181240665300000001",
                        "attributes": {
                            "address": "terraform-20181219181240665300000001.chercga1zpxp.us-east-1.rds.amazonaws.com",
                            "allocated_storage": "10",
                            "arn": "arn:aws:rds:us-east-1:432977977546:db:terraform-20181219181240665300000001",
                            "auto_minor_version_upgrade": "true",
                            "availability_zone": "us-east-1a",
                            "backup_retention_period": "0",
                            "backup_window": "04:21-04:51",
                            "ca_cert_identifier": "rds-ca-2015",
                            "copy_tags_to_snapshot": "false",
                            "db_subnet_group_name": "default",
                            "deletion_protection": "false",
                            "domain": "",
                            "domain_iam_role_name": "",
                            "enabled_cloudwatch_logs_exports.#": "0",
                            "endpoint": "terraform-20181219181240665300000001.chercga1zpxp.us-east-1.rds.amazonaws.com:3306",
                            "engine": "mysql",
                            "engine_version": "5.7.23",
                            "hosted_zone_id": "Z2R2ITUGPM61AM",
                            "iam_database_authentication_enabled": "false",
                            "id": "terraform-20181219181240665300000001",
                            "identifier": "terraform-20181219181240665300000001",
                            "instance_class": "db.t2.micro",
                            "iops": "0",
                            "kms_key_id": "",
                            "license_model": "general-public-license",
                            "maintenance_window": "fri:09:54-fri:10:24",
                            "monitoring_interval": "0",
                            "multi_az": "false",
                            "name": "mydb",
                            "option_group_name": "default:mysql-5-7",
                            "parameter_group_name": "default.mysql5.7",
                            "password": "foobarbaz",
                            "port": "3306",
                            "publicly_accessible": "false",
                            "replicas.#": "0",
                            "replicate_source_db": "",
                            "resource_id": "db-TPYIZEEV7JRZDA3L3T2CR4ZLJQ",
                            "security_group_names.#": "0",
                            "skip_final_snapshot": "false",
                            "status": "available",
                            "storage_encrypted": "false",
                            "storage_type": "gp2",
                            "tags.%": "0",
                            "timezone": "",
                            "username": "foo",
                            "vpc_security_group_ids.#": "1",
                            "vpc_security_group_ids.2380193367": "sg-608f8028"
                        },
                        "meta": {
                            "e2bfb730-ecaa-11e6-8f88-34363bc7c4c0": {
                                "create": 2400000000000,
                                "delete": 2400000000000,
                                "update": 4800000000000
                            }
                        },
                        "tainted": false
                    },
                    "deposed": [],
                    "provider": "provider.aws"
                },
                "aws_internet_gateway.lc_igw": {
                    "type": "aws_internet_gateway",
                    "depends_on": [
                        "aws_vpc.lc_vpc"
                    ],
                    "primary": {
                        "id": "igw-056ec9a0020561f9c",
                        "attributes": {
                            "id": "igw-056ec9a0020561f9c",
                            "owner_id": "432977977546",
                            "tags.%": "1",
                            "tags.Name": "lc IGW",
                            "vpc_id": "vpc-016a300b2978b06ec"
                        },
                        "meta": {},
                        "tainted": false
                    },
                    "deposed": [],
                    "provider": "provider.aws"
                },
                "aws_route_table.lc_rt": {
                    "type": "aws_route_table",
                    "depends_on": [
                        "aws_internet_gateway.lc_igw",
                        "aws_vpc.lc_vpc"
                    ],
                    "primary": {
                        "id": "rtb-05d56592c560b6e52",
                        "attributes": {
                            "id": "rtb-05d56592c560b6e52",
                            "owner_id": "432977977546",
                            "propagating_vgws.#": "0",
                            "route.#": "1",
                            "route.1692732104.cidr_block": "0.0.0.0/0",
                            "route.1692732104.egress_only_gateway_id": "",
                            "route.1692732104.gateway_id": "igw-056ec9a0020561f9c",
                            "route.1692732104.instance_id": "",
                            "route.1692732104.ipv6_cidr_block": "",
                            "route.1692732104.nat_gateway_id": "",
                            "route.1692732104.network_interface_id": "",
                            "route.1692732104.transit_gateway_id": "",
                            "route.1692732104.vpc_peering_connection_id": "",
                            "tags.%": "1",
                            "tags.Name": "Routing Table",
                            "vpc_id": "vpc-016a300b2978b06ec"
                        },
                        "meta": {},
                        "tainted": false
                    },
                    "deposed": [],
                    "provider": "provider.aws"
                },
                "aws_security_group.lc_sg_web": {
                    "type": "aws_security_group",
                    "depends_on": [
                        "aws_vpc.lc_vpc"
                    ],
                    "primary": {
                        "id": "sg-04a5636addbf9237d",
                        "attributes": {
                            "arn": "arn:aws:ec2:us-east-1:432977977546:security-group/sg-04a5636addbf9237d",
                            "description": "Allow incoming HTTP connections \u0026 SSH access",
                            "egress.#": "0",
                            "id": "sg-04a5636addbf9237d",
                            "ingress.#": "4",
                            "ingress.136022545.cidr_blocks.#": "1",
                            "ingress.136022545.cidr_blocks.0": "186.18.32.107/32",
                            "ingress.136022545.description": "",
                            "ingress.136022545.from_port": "22",
                            "ingress.136022545.ipv6_cidr_blocks.#": "0",
                            "ingress.136022545.prefix_list_ids.#": "0",
                            "ingress.136022545.protocol": "tcp",
                            "ingress.136022545.security_groups.#": "0",
                            "ingress.136022545.self": "false",
                            "ingress.136022545.to_port": "22",
                            "ingress.1799340084.cidr_blocks.#": "1",
                            "ingress.1799340084.cidr_blocks.0": "0.0.0.0/0",
                            "ingress.1799340084.description": "",
                            "ingress.1799340084.from_port": "-1",
                            "ingress.1799340084.ipv6_cidr_blocks.#": "0",
                            "ingress.1799340084.prefix_list_ids.#": "0",
                            "ingress.1799340084.protocol": "icmp",
                            "ingress.1799340084.security_groups.#": "0",
                            "ingress.1799340084.self": "false",
                            "ingress.1799340084.to_port": "-1",
                            "ingress.2214680975.cidr_blocks.#": "1",
                            "ingress.2214680975.cidr_blocks.0": "0.0.0.0/0",
                            "ingress.2214680975.description": "",
                            "ingress.2214680975.from_port": "80",
                            "ingress.2214680975.ipv6_cidr_blocks.#": "0",
                            "ingress.2214680975.prefix_list_ids.#": "0",
                            "ingress.2214680975.protocol": "tcp",
                            "ingress.2214680975.security_groups.#": "0",
                            "ingress.2214680975.self": "false",
                            "ingress.2214680975.to_port": "80",
                            "ingress.2617001939.cidr_blocks.#": "1",
                            "ingress.2617001939.cidr_blocks.0": "0.0.0.0/0",
                            "ingress.2617001939.description": "",
                            "ingress.2617001939.from_port": "443",
                            "ingress.2617001939.ipv6_cidr_blocks.#": "0",
                            "ingress.2617001939.prefix_list_ids.#": "0",
                            "ingress.2617001939.protocol": "tcp",
                            "ingress.2617001939.security_groups.#": "0",
                            "ingress.2617001939.self": "false",
                            "ingress.2617001939.to_port": "443",
                            "name": "terraform-20181219181251860200000002",
                            "owner_id": "432977977546",
                            "revoke_rules_on_delete": "false",
                            "tags.%": "1",
                            "tags.Name": "Web Server SG",
                            "vpc_id": "vpc-016a300b2978b06ec"
                        },
                        "meta": {
                            "e2bfb730-ecaa-11e6-8f88-34363bc7c4c0": {
                                "create": 600000000000,
                                "delete": 600000000000
                            },
                            "schema_version": "1"
                        },
                        "tainted": false
                    },
                    "deposed": [],
                    "provider": "provider.aws"
                },
                "aws_vpc.lc_vpc": {
                    "type": "aws_vpc",
                    "depends_on": [],
                    "primary": {
                        "id": "vpc-016a300b2978b06ec",
                        "attributes": {
                            "arn": "arn:aws:ec2:us-east-1:432977977546:vpc/vpc-016a300b2978b06ec",
                            "assign_generated_ipv6_cidr_block": "false",
                            "cidr_block": "172.50.0.0/16",
                            "default_network_acl_id": "acl-088401d7e4e1571ff",
                            "default_route_table_id": "rtb-0fafa9ebcef070293",
                            "default_security_group_id": "sg-06056700913f716e3",
                            "dhcp_options_id": "dopt-c2ff4ab9",
                            "enable_classiclink": "false",
                            "enable_classiclink_dns_support": "false",
                            "enable_dns_hostnames": "true",
                            "enable_dns_support": "true",
                            "id": "vpc-016a300b2978b06ec",
                            "instance_tenancy": "default",
                            "ipv6_association_id": "",
                            "ipv6_cidr_block": "",
                            "main_route_table_id": "rtb-0fafa9ebcef070293",
                            "owner_id": "432977977546",
                            "tags.%": "1",
                            "tags.Name": "lc.com vpc"
                        },
                        "meta": {
                            "schema_version": "1"
                        },
                        "tainted": false
                    },
                    "deposed": [],
                    "provider": "provider.aws"
                }
            },
            "depends_on": []
        }
    ]
}
