{
    "version": 3,
    "terraform_version": "0.11.13",
    "serial": 2,
    "lineage": "29225fdb-67ab-cda3-4580-27c85de50006",
    "modules": [
        {
            "path": [
                "root"
            ],
            "outputs": {
                "node_js_app_repository_url": {
                    "sensitive": false,
                    "type": "string",
                    "value": "432977977546.dkr.ecr.us-west-2.amazonaws.com/node_js_app"
                }
            },
            "resources": {
                "aws_ecr_repository.node_js_app": {
                    "type": "aws_ecr_repository",
                    "depends_on": [],
                    "primary": {
                        "id": "node_js_app",
                        "attributes": {
                            "arn": "arn:aws:ecr:us-west-2:432977977546:repository/node_js_app",
                            "id": "node_js_app",
                            "name": "node_js_app",
                            "registry_id": "432977977546",
                            "repository_url": "432977977546.dkr.ecr.us-west-2.amazonaws.com/node_js_app",
                            "tags.%": "0"
                        },
                        "meta": {
                            "e2bfb730-ecaa-11e6-8f88-34363bc7c4c0": {
                                "delete": 1200000000000
                            }
                        },
                        "tainted": false
                    },
                    "deposed": [],
                    "provider": "provider.aws"
                }
            },
            "depends_on": []
        }
    ]
}
