{
    "version": 3,
    "terraform_version": "0.11.11",
    "serial": 4,
    "lineage": "432b4b7f-8748-d5b3-f809-44be29c0adea",
    "modules": [
        {
            "path": [
                "root"
            ],
            "outputs": {},
            "resources": {
                "aws_instance.hello_world": {
                    "type": "aws_instance",
                    "depends_on": [
                        "aws_security_group.hello-world-sg",
                        "aws_subnet.pub_sub"
                    ],
                    "primary": {
                        "id": "i-0cfec0cd97684fafd",
                        "attributes": {
                            "ami": "ami-0ac019f4fcb7cb7e6",
                            "arn": "arn:aws:ec2:us-east-1:432977977546:instance/i-0cfec0cd97684fafd",
                            "associate_public_ip_address": "true",
                            "availability_zone": "us-east-1a",
                            "cpu_core_count": "1",
                            "cpu_threads_per_core": "1",
                            "credit_specification.#": "1",
                            "credit_specification.0.cpu_credits": "standard",
                            "disable_api_termination": "false",
                            "ebs_block_device.#": "0",
                            "ebs_optimized": "false",
                            "ephemeral_block_device.#": "0",
                            "get_password_data": "false",
                            "iam_instance_profile": "",
                            "id": "i-0cfec0cd97684fafd",
                            "instance_state": "running",
                            "instance_type": "t2.micro",
                            "ipv6_addresses.#": "0",
                            "key_name": "",
                            "monitoring": "false",
                            "network_interface.#": "0",
                            "network_interface_id": "eni-0256b4f5625d821f4",
                            "password_data": "",
                            "placement_group": "",
                            "primary_network_interface_id": "eni-0256b4f5625d821f4",
                            "private_dns": "ip-10-0-1-224.ec2.internal",
                            "private_ip": "10.0.1.224",
                            "public_dns": "ec2-54-90-223-188.compute-1.amazonaws.com",
                            "public_ip": "54.90.223.188",
                            "root_block_device.#": "1",
                            "root_block_device.0.delete_on_termination": "true",
                            "root_block_device.0.iops": "100",
                            "root_block_device.0.volume_id": "vol-05e6f97654b61c425",
                            "root_block_device.0.volume_size": "8",
                            "root_block_device.0.volume_type": "gp2",
                            "security_groups.#": "0",
                            "source_dest_check": "false",
                            "subnet_id": "subnet-03cf7dc871ad37d6e",
                            "tags.%": "1",
                            "tags.Name": "hello world",
                            "tenancy": "default",
                            "user_data": "956b93a4dee9808086e24452211f56f37fb26b3c",
                            "volume_tags.%": "0",
                            "vpc_security_group_ids.#": "1",
                            "vpc_security_group_ids.4162344708": "sg-0bc92bf71682427ab"
                        },
                        "meta": {
                            "e2bfb730-ecaa-11e6-8f88-34363bc7c4c0": {
                                "create": 600000000000,
                                "delete": 1200000000000,
                                "update": 600000000000
                            },
                            "schema_version": "1"
                        },
                        "tainted": false
                    },
                    "deposed": [],
                    "provider": "provider.aws"
                },
                "aws_internet_gateway.igw": {
                    "type": "aws_internet_gateway",
                    "depends_on": [
                        "aws_vpc.mi_vpc"
                    ],
                    "primary": {
                        "id": "igw-04bd3e738832ca894",
                        "attributes": {
                            "id": "igw-04bd3e738832ca894",
                            "owner_id": "432977977546",
                            "tags.%": "1",
                            "tags.Name": "Internet Gateway",
                            "vpc_id": "vpc-02e972f8d841e8cec"
                        },
                        "meta": {},
                        "tainted": false
                    },
                    "deposed": [],
                    "provider": "provider.aws"
                },
                "aws_route_table.web_public_rt": {
                    "type": "aws_route_table",
                    "depends_on": [
                        "aws_internet_gateway.igw",
                        "aws_vpc.mi_vpc"
                    ],
                    "primary": {
                        "id": "rtb-0d8e367fb1ba20a01",
                        "attributes": {
                            "id": "rtb-0d8e367fb1ba20a01",
                            "owner_id": "432977977546",
                            "propagating_vgws.#": "0",
                            "route.#": "1",
                            "route.3430409165.cidr_block": "0.0.0.0/0",
                            "route.3430409165.egress_only_gateway_id": "",
                            "route.3430409165.gateway_id": "igw-04bd3e738832ca894",
                            "route.3430409165.instance_id": "",
                            "route.3430409165.ipv6_cidr_block": "",
                            "route.3430409165.nat_gateway_id": "",
                            "route.3430409165.network_interface_id": "",
                            "route.3430409165.transit_gateway_id": "",
                            "route.3430409165.vpc_peering_connection_id": "",
                            "tags.%": "1",
                            "tags.Name": "Public Subnet RT",
                            "vpc_id": "vpc-02e972f8d841e8cec"
                        },
                        "meta": {},
                        "tainted": false
                    },
                    "deposed": [],
                    "provider": "provider.aws"
                },
                "aws_route_table_association.web_public_rt": {
                    "type": "aws_route_table_association",
                    "depends_on": [
                        "aws_route_table.web_public_rt",
                        "aws_subnet.pub_sub"
                    ],
                    "primary": {
                        "id": "rtbassoc-0c0407b1f391066d6",
                        "attributes": {
                            "id": "rtbassoc-0c0407b1f391066d6",
                            "route_table_id": "rtb-0d8e367fb1ba20a01",
                            "subnet_id": "subnet-03cf7dc871ad37d6e"
                        },
                        "meta": {},
                        "tainted": false
                    },
                    "deposed": [],
                    "provider": "provider.aws"
                },
                "aws_security_group.hello-world-sg": {
                    "type": "aws_security_group",
                    "depends_on": [
                        "aws_vpc.mi_vpc"
                    ],
                    "primary": {
                        "id": "sg-0bc92bf71682427ab",
                        "attributes": {
                            "arn": "arn:aws:ec2:us-east-1:432977977546:security-group/sg-0bc92bf71682427ab",
                            "description": "Allow all traffic on 80 and only my ip on 22",
                            "egress.#": "0",
                            "id": "sg-0bc92bf71682427ab",
                            "ingress.#": "2",
                            "ingress.136022545.cidr_blocks.#": "1",
                            "ingress.136022545.cidr_blocks.0": "186.18.32.107/32",
                            "ingress.136022545.description": "",
                            "ingress.136022545.from_port": "22",
                            "ingress.136022545.ipv6_cidr_blocks.#": "0",
                            "ingress.136022545.prefix_list_ids.#": "0",
                            "ingress.136022545.protocol": "tcp",
                            "ingress.136022545.security_groups.#": "0",
                            "ingress.136022545.self": "false",
                            "ingress.136022545.to_port": "22",
                            "ingress.2214680975.cidr_blocks.#": "1",
                            "ingress.2214680975.cidr_blocks.0": "0.0.0.0/0",
                            "ingress.2214680975.description": "",
                            "ingress.2214680975.from_port": "80",
                            "ingress.2214680975.ipv6_cidr_blocks.#": "0",
                            "ingress.2214680975.prefix_list_ids.#": "0",
                            "ingress.2214680975.protocol": "tcp",
                            "ingress.2214680975.security_groups.#": "0",
                            "ingress.2214680975.self": "false",
                            "ingress.2214680975.to_port": "80",
                            "name": "terraform-20181218191027612600000001",
                            "owner_id": "432977977546",
                            "revoke_rules_on_delete": "false",
                            "tags.%": "1",
                            "tags.Name": "hello world public sg",
                            "vpc_id": "vpc-02e972f8d841e8cec"
                        },
                        "meta": {
                            "e2bfb730-ecaa-11e6-8f88-34363bc7c4c0": {
                                "create": 600000000000,
                                "delete": 600000000000
                            },
                            "schema_version": "1"
                        },
                        "tainted": false
                    },
                    "deposed": [],
                    "provider": "provider.aws"
                },
                "aws_subnet.pub_sub": {
                    "type": "aws_subnet",
                    "depends_on": [
                        "aws_vpc.mi_vpc"
                    ],
                    "primary": {
                        "id": "subnet-03cf7dc871ad37d6e",
                        "attributes": {
                            "arn": "arn:aws:ec2:us-east-1:432977977546:subnet/subnet-03cf7dc871ad37d6e",
                            "assign_ipv6_address_on_creation": "false",
                            "availability_zone": "us-east-1a",
                            "availability_zone_id": "use1-az6",
                            "cidr_block": "10.0.1.0/24",
                            "id": "subnet-03cf7dc871ad37d6e",
                            "ipv6_cidr_block": "",
                            "ipv6_cidr_block_association_id": "",
                            "map_public_ip_on_launch": "false",
                            "owner_id": "432977977546",
                            "tags.%": "1",
                            "tags.Name": "public subnet",
                            "vpc_id": "vpc-02e972f8d841e8cec"
                        },
                        "meta": {
                            "e2bfb730-ecaa-11e6-8f88-34363bc7c4c0": {
                                "create": 600000000000,
                                "delete": 600000000000
                            },
                            "schema_version": "1"
                        },
                        "tainted": false
                    },
                    "deposed": [],
                    "provider": "provider.aws"
                },
                "aws_vpc.mi_vpc": {
                    "type": "aws_vpc",
                    "depends_on": [],
                    "primary": {
                        "id": "vpc-02e972f8d841e8cec",
                        "attributes": {
                            "arn": "arn:aws:ec2:us-east-1:432977977546:vpc/vpc-02e972f8d841e8cec",
                            "assign_generated_ipv6_cidr_block": "false",
                            "cidr_block": "10.0.0.0/16",
                            "default_network_acl_id": "acl-0b84d40eedf406070",
                            "default_route_table_id": "rtb-0194da434208393d4",
                            "default_security_group_id": "sg-0eb50c21a23c06392",
                            "dhcp_options_id": "dopt-c2ff4ab9",
                            "enable_classiclink": "false",
                            "enable_classiclink_dns_support": "false",
                            "enable_dns_hostnames": "true",
                            "enable_dns_support": "true",
                            "id": "vpc-02e972f8d841e8cec",
                            "instance_tenancy": "default",
                            "ipv6_association_id": "",
                            "ipv6_cidr_block": "",
                            "main_route_table_id": "rtb-0194da434208393d4",
                            "owner_id": "432977977546",
                            "tags.%": "1",
                            "tags.Name": "hello-world-vpc"
                        },
                        "meta": {
                            "schema_version": "1"
                        },
                        "tainted": false
                    },
                    "deposed": [],
                    "provider": "provider.aws"
                }
            },
            "depends_on": []
        }
    ]
}
