{
    "version": 3,
    "terraform_version": "0.11.13",
    "serial": 3,
    "lineage": "604d5d34-4ca2-d360-a098-b390f24d6197",
    "modules": [
        {
            "path": [
                "root"
            ],
            "outputs": {},
            "resources": {
                "aws_instance.example": {
                    "type": "aws_instance",
                    "depends_on": [
                        "aws_key_pair.id_rsa"
                    ],
                    "primary": {
                        "id": "i-0ee9f1232d5ee7ce1",
                        "attributes": {
                            "ami": "ami-0b4a4b368aa8bd6f0",
                            "arn": "arn:aws:ec2:us-west-2:432977977546:instance/i-0ee9f1232d5ee7ce1",
                            "associate_public_ip_address": "true",
                            "availability_zone": "us-west-2a",
                            "cpu_core_count": "1",
                            "cpu_threads_per_core": "1",
                            "credit_specification.#": "1",
                            "credit_specification.0.cpu_credits": "standard",
                            "disable_api_termination": "false",
                            "ebs_block_device.#": "0",
                            "ebs_optimized": "false",
                            "ephemeral_block_device.#": "0",
                            "get_password_data": "false",
                            "iam_instance_profile": "",
                            "id": "i-0ee9f1232d5ee7ce1",
                            "instance_state": "running",
                            "instance_type": "t2.micro",
                            "ipv6_addresses.#": "0",
                            "key_name": "id_rsa",
                            "monitoring": "false",
                            "network_interface.#": "0",
                            "password_data": "",
                            "placement_group": "",
                            "primary_network_interface_id": "eni-0372f59f1f0deea02",
                            "private_dns": "ip-172-31-22-189.us-west-2.compute.internal",
                            "private_ip": "172.31.22.189",
                            "public_dns": "ec2-34-222-142-22.us-west-2.compute.amazonaws.com",
                            "public_ip": "34.222.142.22",
                            "root_block_device.#": "1",
                            "root_block_device.0.delete_on_termination": "true",
                            "root_block_device.0.iops": "100",
                            "root_block_device.0.volume_id": "vol-0cb94dd59b37c740e",
                            "root_block_device.0.volume_size": "8",
                            "root_block_device.0.volume_type": "gp2",
                            "security_groups.#": "1",
                            "security_groups.3814588639": "default",
                            "source_dest_check": "true",
                            "subnet_id": "subnet-95234eec",
                            "tags.%": "0",
                            "tenancy": "default",
                            "volume_tags.%": "0",
                            "vpc_security_group_ids.#": "1",
                            "vpc_security_group_ids.3774978418": "sg-ed403f9c"
                        },
                        "meta": {
                            "e2bfb730-ecaa-11e6-8f88-34363bc7c4c0": {
                                "create": 600000000000,
                                "delete": 1200000000000,
                                "update": 600000000000
                            },
                            "schema_version": "1"
                        },
                        "tainted": true
                    },
                    "deposed": [],
                    "provider": "provider.aws"
                },
                "aws_key_pair.id_rsa": {
                    "type": "aws_key_pair",
                    "depends_on": [],
                    "primary": {
                        "id": "id_rsa",
                        "attributes": {
                            "fingerprint": "3f:5d:1b:ef:d7:6e:fd:70:cb:a6:33:79:08:c5:0f:86",
                            "id": "id_rsa",
                            "key_name": "id_rsa",
                            "public_key": "ssh-rsa AAAAB3NzaC1yc2EAAAADAQABAAABAQCdEW4SrAnvlNUmGKJoRSbG1HUwgg3gnRA4EMCmZoU0IniE9vzfmx/qdRwEHS+z+IdhaQt3UdyW2OawZcyf8pqObOU8IV+jpU19IvVjvAauhMl11tjIym+GCqSb9rKRf+ss4CGIqiTBo8h6EVEndEbdVIFrhQkhhxyhMw0E59HFoWrAg1Vs1t7s+tACCUCK29FBp0ho8Ga/mloz1KIBkaMaYBgSUtvW3Mnpb5TtH9TO1fh3KqvRLdJlE/Eda8Lk9kygkepF3gCVOw7I7ReJGBfSfkTpQrmheDfsqH8H7NHxTYqZzKC30Lvm8AGKXP0V2fvkkgtKFtKj9M6H4ZbGlKCZ chuleh@caffeine.local"
                        },
                        "meta": {
                            "schema_version": "1"
                        },
                        "tainted": false
                    },
                    "deposed": [],
                    "provider": "provider.aws"
                }
            },
            "depends_on": []
        }
    ]
}
